// !$*UTF8*$!
{
	archiveVersion = 1;
	classes = {
	};
	objectVersion = 56;
	objects = {

/* Begin PBXBuildFile section */
		4F3A4F442A61783F0047AADC /* AppDelegate.swift in Sources */ = {isa = PBXBuildFile; fileRef = 4F3A4F432A61783F0047AADC /* AppDelegate.swift */; };
		4F3A4F462A61783F0047AADC /* SceneDelegate.swift in Sources */ = {isa = PBXBuildFile; fileRef = 4F3A4F452A61783F0047AADC /* SceneDelegate.swift */; };
		4F3A4F482A61783F0047AADC /* ViewController.swift in Sources */ = {isa = PBXBuildFile; fileRef = 4F3A4F472A61783F0047AADC /* ViewController.swift */; };
		4F3A4F4D2A6178400047AADC /* Assets.xcassets in Resources */ = {isa = PBXBuildFile; fileRef = 4F3A4F4C2A6178400047AADC /* Assets.xcassets */; };
		4F3A4F502A6178400047AADC /* LaunchScreen.storyboard in Resources */ = {isa = PBXBuildFile; fileRef = 4F3A4F4E2A6178400047AADC /* LaunchScreen.storyboard */; };
		4F3A4F582A617A420047AADC /* ModuleBuilder.swift in Sources */ = {isa = PBXBuildFile; fileRef = 4F3A4F572A617A420047AADC /* ModuleBuilder.swift */; };
		4F3A4F5A2A617ACF0047AADC /* ArticleModel.swift in Sources */ = {isa = PBXBuildFile; fileRef = 4F3A4F592A617ACF0047AADC /* ArticleModel.swift */; };
		4F3A4F5C2A617BBA0047AADC /* MainTabBarVC.swift in Sources */ = {isa = PBXBuildFile; fileRef = 4F3A4F5B2A617BBA0047AADC /* MainTabBarVC.swift */; };
		4F3A4F5E2A617BD30047AADC /* GeneralListVC.swift in Sources */ = {isa = PBXBuildFile; fileRef = 4F3A4F5D2A617BD30047AADC /* GeneralListVC.swift */; };
		4F3A4F602A617C070047AADC /* FavouriteListViewController.swift in Sources */ = {isa = PBXBuildFile; fileRef = 4F3A4F5F2A617C070047AADC /* FavouriteListViewController.swift */; };
		4F3A4F622A617C670047AADC /* DetailViewController.swift in Sources */ = {isa = PBXBuildFile; fileRef = 4F3A4F612A617C670047AADC /* DetailViewController.swift */; };
		4F3A4F6A2A617EE00047AADC /* GeneralListPresenter.swift in Sources */ = {isa = PBXBuildFile; fileRef = 4F3A4F692A617EE00047AADC /* GeneralListPresenter.swift */; };
		4F3A4F6C2A617F710047AADC /* NetworkService.swift in Sources */ = {isa = PBXBuildFile; fileRef = 4F3A4F6B2A617F710047AADC /* NetworkService.swift */; };
		4F3A4F782A6184020047AADC /* GeneralListViewCell.swift in Sources */ = {isa = PBXBuildFile; fileRef = 4F3A4F772A6184020047AADC /* GeneralListViewCell.swift */; };
		4F3A4F7B2A618BD90047AADC /* DetailViewPresenter.swift in Sources */ = {isa = PBXBuildFile; fileRef = 4F3A4F7A2A618BD90047AADC /* DetailViewPresenter.swift */; };
		4F3A4F7E2A6192470047AADC /* FavouriteListManager.swift in Sources */ = {isa = PBXBuildFile; fileRef = 4F3A4F7D2A6192470047AADC /* FavouriteListManager.swift */; };
/* End PBXBuildFile section */

/* Begin PBXFileReference section */
		4F3A4F402A61783F0047AADC /* NewsTest.app */ = {isa = PBXFileReference; explicitFileType = wrapper.application; includeInIndex = 0; path = NewsTest.app; sourceTree = BUILT_PRODUCTS_DIR; };
		4F3A4F432A61783F0047AADC /* AppDelegate.swift */ = {isa = PBXFileReference; lastKnownFileType = sourcecode.swift; path = AppDelegate.swift; sourceTree = "<group>"; };
		4F3A4F452A61783F0047AADC /* SceneDelegate.swift */ = {isa = PBXFileReference; lastKnownFileType = sourcecode.swift; path = SceneDelegate.swift; sourceTree = "<group>"; };
		4F3A4F472A61783F0047AADC /* ViewController.swift */ = {isa = PBXFileReference; lastKnownFileType = sourcecode.swift; path = ViewController.swift; sourceTree = "<group>"; };
		4F3A4F4C2A6178400047AADC /* Assets.xcassets */ = {isa = PBXFileReference; lastKnownFileType = folder.assetcatalog; path = Assets.xcassets; sourceTree = "<group>"; };
		4F3A4F4F2A6178400047AADC /* Base */ = {isa = PBXFileReference; lastKnownFileType = file.storyboard; name = Base; path = Base.lproj/LaunchScreen.storyboard; sourceTree = "<group>"; };
		4F3A4F512A6178400047AADC /* Info.plist */ = {isa = PBXFileReference; lastKnownFileType = text.plist.xml; path = Info.plist; sourceTree = "<group>"; };
		4F3A4F572A617A420047AADC /* ModuleBuilder.swift */ = {isa = PBXFileReference; lastKnownFileType = sourcecode.swift; path = ModuleBuilder.swift; sourceTree = "<group>"; };
		4F3A4F592A617ACF0047AADC /* ArticleModel.swift */ = {isa = PBXFileReference; lastKnownFileType = sourcecode.swift; path = ArticleModel.swift; sourceTree = "<group>"; };
		4F3A4F5B2A617BBA0047AADC /* MainTabBarVC.swift */ = {isa = PBXFileReference; lastKnownFileType = sourcecode.swift; path = MainTabBarVC.swift; sourceTree = "<group>"; };
		4F3A4F5D2A617BD30047AADC /* GeneralListVC.swift */ = {isa = PBXFileReference; lastKnownFileType = sourcecode.swift; path = GeneralListVC.swift; sourceTree = "<group>"; };
		4F3A4F5F2A617C070047AADC /* FavouriteListViewController.swift */ = {isa = PBXFileReference; lastKnownFileType = sourcecode.swift; path = FavouriteListViewController.swift; sourceTree = "<group>"; };
		4F3A4F612A617C670047AADC /* DetailViewController.swift */ = {isa = PBXFileReference; lastKnownFileType = sourcecode.swift; path = DetailViewController.swift; sourceTree = "<group>"; };
		4F3A4F692A617EE00047AADC /* GeneralListPresenter.swift */ = {isa = PBXFileReference; lastKnownFileType = sourcecode.swift; path = GeneralListPresenter.swift; sourceTree = "<group>"; };
		4F3A4F6B2A617F710047AADC /* NetworkService.swift */ = {isa = PBXFileReference; lastKnownFileType = sourcecode.swift; path = NetworkService.swift; sourceTree = "<group>"; };
		4F3A4F772A6184020047AADC /* GeneralListViewCell.swift */ = {isa = PBXFileReference; lastKnownFileType = sourcecode.swift; path = GeneralListViewCell.swift; sourceTree = "<group>"; };
		4F3A4F7A2A618BD90047AADC /* DetailViewPresenter.swift */ = {isa = PBXFileReference; lastKnownFileType = sourcecode.swift; path = DetailViewPresenter.swift; sourceTree = "<group>"; };
		4F3A4F7D2A6192470047AADC /* FavouriteListManager.swift */ = {isa = PBXFileReference; lastKnownFileType = sourcecode.swift; path = FavouriteListManager.swift; sourceTree = "<group>"; };
/* End PBXFileReference section */

/* Begin PBXFrameworksBuildPhase section */
		4F3A4F3D2A61783F0047AADC /* Frameworks */ = {
			isa = PBXFrameworksBuildPhase;
			buildActionMask = 2147483647;
			files = (
			);
			runOnlyForDeploymentPostprocessing = 0;
		};
/* End PBXFrameworksBuildPhase section */

/* Begin PBXGroup section */
		4F3A4F372A61783F0047AADC = {
			isa = PBXGroup;
			children = (
				4F3A4F422A61783F0047AADC /* NewsTest */,
				4F3A4F412A61783F0047AADC /* Products */,
			);
			sourceTree = "<group>";
		};
		4F3A4F412A61783F0047AADC /* Products */ = {
			isa = PBXGroup;
			children = (
				4F3A4F402A61783F0047AADC /* NewsTest.app */,
			);
			name = Products;
			sourceTree = "<group>";
		};
		4F3A4F422A61783F0047AADC /* NewsTest */ = {
			isa = PBXGroup;
			children = (
				4F3A4F722A6182400047AADC /* FavouriteModule */,
				4F3A4F702A6182290047AADC /* DetailModule */,
				4F3A4F6E2A6181F90047AADC /* GeneralModule */,
				4F3A4F6D2A61815D0047AADC /* NetworkService */,
				4F3A4F632A617D4B0047AADC /* ModuleBuilder */,
				4F3A4F432A61783F0047AADC /* AppDelegate.swift */,
				4F3A4F452A61783F0047AADC /* SceneDelegate.swift */,
				4F3A4F472A61783F0047AADC /* ViewController.swift */,
				4F3A4F4C2A6178400047AADC /* Assets.xcassets */,
				4F3A4F4E2A6178400047AADC /* LaunchScreen.storyboard */,
				4F3A4F512A6178400047AADC /* Info.plist */,
			);
			path = NewsTest;
			sourceTree = "<group>";
		};
		4F3A4F632A617D4B0047AADC /* ModuleBuilder */ = {
			isa = PBXGroup;
			children = (
				4F3A4F572A617A420047AADC /* ModuleBuilder.swift */,
			);
			path = ModuleBuilder;
			sourceTree = "<group>";
		};
		4F3A4F6D2A61815D0047AADC /* NetworkService */ = {
			isa = PBXGroup;
			children = (
				4F3A4F6B2A617F710047AADC /* NetworkService.swift */,
			);
			path = NetworkService;
			sourceTree = "<group>";
		};
		4F3A4F6E2A6181F90047AADC /* GeneralModule */ = {
			isa = PBXGroup;
			children = (
				4F3A4F7C2A6190F60047AADC /* Model */,
				4F3A4F742A6182810047AADC /* Presenter */,
				4F3A4F6F2A6182140047AADC /* View */,
			);
			path = GeneralModule;
			sourceTree = "<group>";
		};
		4F3A4F6F2A6182140047AADC /* View */ = {
			isa = PBXGroup;
			children = (
				4F3A4F5D2A617BD30047AADC /* GeneralListVC.swift */,
				4F3A4F5B2A617BBA0047AADC /* MainTabBarVC.swift */,
				4F3A4F772A6184020047AADC /* GeneralListViewCell.swift */,
			);
			path = View;
			sourceTree = "<group>";
		};
		4F3A4F702A6182290047AADC /* DetailModule */ = {
			isa = PBXGroup;
			children = (
				4F3A4F792A618BC90047AADC /* Presenter */,
				4F3A4F712A6182320047AADC /* View */,
			);
			path = DetailModule;
			sourceTree = "<group>";
		};
		4F3A4F712A6182320047AADC /* View */ = {
			isa = PBXGroup;
			children = (
				4F3A4F612A617C670047AADC /* DetailViewController.swift */,
			);
			path = View;
			sourceTree = "<group>";
		};
		4F3A4F722A6182400047AADC /* FavouriteModule */ = {
			isa = PBXGroup;
			children = (
				4F3A4F7D2A6192470047AADC /* FavouriteListManager.swift */,
				4F3A4F732A6182480047AADC /* View */,
			);
			path = FavouriteModule;
			sourceTree = "<group>";
		};
		4F3A4F732A6182480047AADC /* View */ = {
			isa = PBXGroup;
			children = (
				4F3A4F5F2A617C070047AADC /* FavouriteListViewController.swift */,
			);
			path = View;
			sourceTree = "<group>";
		};
		4F3A4F742A6182810047AADC /* Presenter */ = {
			isa = PBXGroup;
			children = (
				4F3A4F692A617EE00047AADC /* GeneralListPresenter.swift */,
			);
			path = Presenter;
			sourceTree = "<group>";
		};
		4F3A4F792A618BC90047AADC /* Presenter */ = {
			isa = PBXGroup;
			children = (
				4F3A4F7A2A618BD90047AADC /* DetailViewPresenter.swift */,
			);
			path = Presenter;
			sourceTree = "<group>";
		};
		4F3A4F7C2A6190F60047AADC /* Model */ = {
			isa = PBXGroup;
			children = (
				4F3A4F592A617ACF0047AADC /* ArticleModel.swift */,
			);
			path = Model;
			sourceTree = "<group>";
		};
/* End PBXGroup section */

/* Begin PBXNativeTarget section */
		4F3A4F3F2A61783F0047AADC /* NewsTest */ = {
			isa = PBXNativeTarget;
			buildConfigurationList = 4F3A4F542A6178400047AADC /* Build configuration list for PBXNativeTarget "NewsTest" */;
			buildPhases = (
				4F3A4F3C2A61783F0047AADC /* Sources */,
				4F3A4F3D2A61783F0047AADC /* Frameworks */,
				4F3A4F3E2A61783F0047AADC /* Resources */,
			);
			buildRules = (
			);
			dependencies = (
			);
			name = NewsTest;
			productName = NewsTest;
			productReference = 4F3A4F402A61783F0047AADC /* NewsTest.app */;
			productType = "com.apple.product-type.application";
		};
/* End PBXNativeTarget section */

/* Begin PBXProject section */
		4F3A4F382A61783F0047AADC /* Project object */ = {
			isa = PBXProject;
			attributes = {
				BuildIndependentTargetsInParallel = 1;
				LastSwiftUpdateCheck = 1430;
				LastUpgradeCheck = 1430;
				TargetAttributes = {
					4F3A4F3F2A61783F0047AADC = {
						CreatedOnToolsVersion = 14.3.1;
					};
				};
			};
			buildConfigurationList = 4F3A4F3B2A61783F0047AADC /* Build configuration list for PBXProject "NewsTest" */;
			compatibilityVersion = "Xcode 14.0";
			developmentRegion = en;
			hasScannedForEncodings = 0;
			knownRegions = (
				en,
				Base,
			);
			mainGroup = 4F3A4F372A61783F0047AADC;
			productRefGroup = 4F3A4F412A61783F0047AADC /* Products */;
			projectDirPath = "";
			projectRoot = "";
			targets = (
				4F3A4F3F2A61783F0047AADC /* NewsTest */,
			);
		};
/* End PBXProject section */

/* Begin PBXResourcesBuildPhase section */
		4F3A4F3E2A61783F0047AADC /* Resources */ = {
			isa = PBXResourcesBuildPhase;
			buildActionMask = 2147483647;
			files = (
				4F3A4F502A6178400047AADC /* LaunchScreen.storyboard in Resources */,
				4F3A4F4D2A6178400047AADC /* Assets.xcassets in Resources */,
			);
			runOnlyForDeploymentPostprocessing = 0;
		};
/* End PBXResourcesBuildPhase section */

/* Begin PBXSourcesBuildPhase section */
		4F3A4F3C2A61783F0047AADC /* Sources */ = {
			isa = PBXSourcesBuildPhase;
			buildActionMask = 2147483647;
			files = (
				4F3A4F6C2A617F710047AADC /* NetworkService.swift in Sources */,
				4F3A4F7B2A618BD90047AADC /* DetailViewPresenter.swift in Sources */,
				4F3A4F622A617C670047AADC /* DetailViewController.swift in Sources */,
				4F3A4F482A61783F0047AADC /* ViewController.swift in Sources */,
				4F3A4F5C2A617BBA0047AADC /* MainTabBarVC.swift in Sources */,
				4F3A4F6A2A617EE00047AADC /* GeneralListPresenter.swift in Sources */,
				4F3A4F5A2A617ACF0047AADC /* ArticleModel.swift in Sources */,
				4F3A4F5E2A617BD30047AADC /* GeneralListVC.swift in Sources */,
				4F3A4F602A617C070047AADC /* FavouriteListViewController.swift in Sources */,
				4F3A4F442A61783F0047AADC /* AppDelegate.swift in Sources */,
				4F3A4F782A6184020047AADC /* GeneralListViewCell.swift in Sources */,
				4F3A4F7E2A6192470047AADC /* FavouriteListManager.swift in Sources */,
				4F3A4F462A61783F0047AADC /* SceneDelegate.swift in Sources */,
				4F3A4F582A617A420047AADC /* ModuleBuilder.swift in Sources */,
			);
			runOnlyForDeploymentPostprocessing = 0;
		};
/* End PBXSourcesBuildPhase section */

/* Begin PBXVariantGroup section */
		4F3A4F4E2A6178400047AADC /* LaunchScreen.storyboard */ = {
			isa = PBXVariantGroup;
			children = (
				4F3A4F4F2A6178400047AADC /* Base */,
			);
			name = LaunchScreen.storyboard;
			sourceTree = "<group>";
		};
/* End PBXVariantGroup section */

/* Begin XCBuildConfiguration section */
		4F3A4F522A6178400047AADC /* Debug */ = {
			isa = XCBuildConfiguration;
			buildSettings = {
				ALWAYS_SEARCH_USER_PATHS = NO;
				CLANG_ANALYZER_NONNULL = YES;
				CLANG_ANALYZER_NUMBER_OBJECT_CONVERSION = YES_AGGRESSIVE;
				CLANG_CXX_LANGUAGE_STANDARD = "gnu++20";
				CLANG_ENABLE_MODULES = YES;
				CLANG_ENABLE_OBJC_ARC = YES;
				CLANG_ENABLE_OBJC_WEAK = YES;
				CLANG_WARN_BLOCK_CAPTURE_AUTORELEASING = YES;
				CLANG_WARN_BOOL_CONVERSION = YES;
				CLANG_WARN_COMMA = YES;
				CLANG_WARN_CONSTANT_CONVERSION = YES;
				CLANG_WARN_DEPRECATED_OBJC_IMPLEMENTATIONS = YES;
				CLANG_WARN_DIRECT_OBJC_ISA_USAGE = YES_ERROR;
				CLANG_WARN_DOCUMENTATION_COMMENTS = YES;
				CLANG_WARN_EMPTY_BODY = YES;
				CLANG_WARN_ENUM_CONVERSION = YES;
				CLANG_WARN_INFINITE_RECURSION = YES;
				CLANG_WARN_INT_CONVERSION = YES;
				CLANG_WARN_NON_LITERAL_NULL_CONVERSION = YES;
				CLANG_WARN_OBJC_IMPLICIT_RETAIN_SELF = YES;
				CLANG_WARN_OBJC_LITERAL_CONVERSION = YES;
				CLANG_WARN_OBJC_ROOT_CLASS = YES_ERROR;
				CLANG_WARN_QUOTED_INCLUDE_IN_FRAMEWORK_HEADER = YES;
				CLANG_WARN_RANGE_LOOP_ANALYSIS = YES;
				CLANG_WARN_STRICT_PROTOTYPES = YES;
				CLANG_WARN_SUSPICIOUS_MOVE = YES;
				CLANG_WARN_UNGUARDED_AVAILABILITY = YES_AGGRESSIVE;
				CLANG_WARN_UNREACHABLE_CODE = YES;
				CLANG_WARN__DUPLICATE_METHOD_MATCH = YES;
				COPY_PHASE_STRIP = NO;
				DEBUG_INFORMATION_FORMAT = dwarf;
				ENABLE_STRICT_OBJC_MSGSEND = YES;
				ENABLE_TESTABILITY = YES;
				GCC_C_LANGUAGE_STANDARD = gnu11;
				GCC_DYNAMIC_NO_PIC = NO;
				GCC_NO_COMMON_BLOCKS = YES;
				GCC_OPTIMIZATION_LEVEL = 0;
				GCC_PREPROCESSOR_DEFINITIONS = (
					"DEBUG=1",
					"$(inherited)",
				);
				GCC_WARN_64_TO_32_BIT_CONVERSION = YES;
				GCC_WARN_ABOUT_RETURN_TYPE = YES_ERROR;
				GCC_WARN_UNDECLARED_SELECTOR = YES;
				GCC_WARN_UNINITIALIZED_AUTOS = YES_AGGRESSIVE;
				GCC_WARN_UNUSED_FUNCTION = YES;
				GCC_WARN_UNUSED_VARIABLE = YES;
				IPHONEOS_DEPLOYMENT_TARGET = 16.4;
				MTL_ENABLE_DEBUG_INFO = INCLUDE_SOURCE;
				MTL_FAST_MATH = YES;
				ONLY_ACTIVE_ARCH = YES;
				SDKROOT = iphoneos;
				SWIFT_ACTIVE_COMPILATION_CONDITIONS = DEBUG;
				SWIFT_OPTIMIZATION_LEVEL = "-Onone";
			};
			name = Debug;
		};
		4F3A4F532A6178400047AADC /* Release */ = {
			isa = XCBuildConfiguration;
			buildSettings = {
				ALWAYS_SEARCH_USER_PATHS = NO;
				CLANG_ANALYZER_NONNULL = YES;
				CLANG_ANALYZER_NUMBER_OBJECT_CONVERSION = YES_AGGRESSIVE;
				CLANG_CXX_LANGUAGE_STANDARD = "gnu++20";
				CLANG_ENABLE_MODULES = YES;
				CLANG_ENABLE_OBJC_ARC = YES;
				CLANG_ENABLE_OBJC_WEAK = YES;
				CLANG_WARN_BLOCK_CAPTURE_AUTORELEASING = YES;
				CLANG_WARN_BOOL_CONVERSION = YES;
				CLANG_WARN_COMMA = YES;
				CLANG_WARN_CONSTANT_CONVERSION = YES;
				CLANG_WARN_DEPRECATED_OBJC_IMPLEMENTATIONS = YES;
				CLANG_WARN_DIRECT_OBJC_ISA_USAGE = YES_ERROR;
				CLANG_WARN_DOCUMENTATION_COMMENTS = YES;
				CLANG_WARN_EMPTY_BODY = YES;
				CLANG_WARN_ENUM_CONVERSION = YES;
				CLANG_WARN_INFINITE_RECURSION = YES;
				CLANG_WARN_INT_CONVERSION = YES;
				CLANG_WARN_NON_LITERAL_NULL_CONVERSION = YES;
				CLANG_WARN_OBJC_IMPLICIT_RETAIN_SELF = YES;
				CLANG_WARN_OBJC_LITERAL_CONVERSION = YES;
				CLANG_WARN_OBJC_ROOT_CLASS = YES_ERROR;
				CLANG_WARN_QUOTED_INCLUDE_IN_FRAMEWORK_HEADER = YES;
				CLANG_WARN_RANGE_LOOP_ANALYSIS = YES;
				CLANG_WARN_STRICT_PROTOTYPES = YES;
				CLANG_WARN_SUSPICIOUS_MOVE = YES;
				CLANG_WARN_UNGUARDED_AVAILABILITY = YES_AGGRESSIVE;
				CLANG_WARN_UNREACHABLE_CODE = YES;
				CLANG_WARN__DUPLICATE_METHOD_MATCH = YES;
				COPY_PHASE_STRIP = NO;
				DEBUG_INFORMATION_FORMAT = "dwarf-with-dsym";
				ENABLE_NS_ASSERTIONS = NO;
				ENABLE_STRICT_OBJC_MSGSEND = YES;
				GCC_C_LANGUAGE_STANDARD = gnu11;
				GCC_NO_COMMON_BLOCKS = YES;
				GCC_WARN_64_TO_32_BIT_CONVERSION = YES;
				GCC_WARN_ABOUT_RETURN_TYPE = YES_ERROR;
				GCC_WARN_UNDECLARED_SELECTOR = YES;
				GCC_WARN_UNINITIALIZED_AUTOS = YES_AGGRESSIVE;
				GCC_WARN_UNUSED_FUNCTION = YES;
				GCC_WARN_UNUSED_VARIABLE = YES;
				IPHONEOS_DEPLOYMENT_TARGET = 16.4;
				MTL_ENABLE_DEBUG_INFO = NO;
				MTL_FAST_MATH = YES;
				SDKROOT = iphoneos;
				SWIFT_COMPILATION_MODE = wholemodule;
				SWIFT_OPTIMIZATION_LEVEL = "-O";
				VALIDATE_PRODUCT = YES;
			};
			name = Release;
		};
		4F3A4F552A6178400047AADC /* Debug */ = {
			isa = XCBuildConfiguration;
			buildSettings = {
				ASSETCATALOG_COMPILER_APPICON_NAME = AppIcon;
				ASSETCATALOG_COMPILER_GLOBAL_ACCENT_COLOR_NAME = AccentColor;
				CODE_SIGN_STYLE = Automatic;
				CURRENT_PROJECT_VERSION = 1;
				DEVELOPMENT_TEAM = 8QNN7VX268;
				GENERATE_INFOPLIST_FILE = YES;
				INFOPLIST_FILE = NewsTest/Info.plist;
				INFOPLIST_KEY_UIApplicationSupportsIndirectInputEvents = YES;
				INFOPLIST_KEY_UILaunchStoryboardName = LaunchScreen;
				INFOPLIST_KEY_UISupportedInterfaceOrientations_iPad = "UIInterfaceOrientationPortrait UIInterfaceOrientationPortraitUpsideDown UIInterfaceOrientationLandscapeLeft UIInterfaceOrientationLandscapeRight";
				INFOPLIST_KEY_UISupportedInterfaceOrientations_iPhone = "UIInterfaceOrientationPortrait UIInterfaceOrientationLandscapeLeft UIInterfaceOrientationLandscapeRight";
				LD_RUNPATH_SEARCH_PATHS = (
					"$(inherited)",
					"@executable_path/Frameworks",
				);
				MARKETING_VERSION = 1.0;
				PRODUCT_BUNDLE_IDENTIFIER = personal.NewsTest;
				PRODUCT_NAME = "$(TARGET_NAME)";
				SWIFT_EMIT_LOC_STRINGS = YES;
				SWIFT_VERSION = 5.0;
				TARGETED_DEVICE_FAMILY = "1,2";
			};
			name = Debug;
		};
		4F3A4F562A6178400047AADC /* Release */ = {
			isa = XCBuildConfiguration;
			buildSettings = {
				ASSETCATALOG_COMPILER_APPICON_NAME = AppIcon;
				ASSETCATALOG_COMPILER_GLOBAL_ACCENT_COLOR_NAME = AccentColor;
				CODE_SIGN_STYLE = Automatic;
				CURRENT_PROJECT_VERSION = 1;
				DEVELOPMENT_TEAM = 8QNN7VX268;
				GENERATE_INFOPLIST_FILE = YES;
				INFOPLIST_FILE = NewsTest/Info.plist;
				INFOPLIST_KEY_UIApplicationSupportsIndirectInputEvents = YES;
				INFOPLIST_KEY_UILaunchStoryboardName = LaunchScreen;
				INFOPLIST_KEY_UISupportedInterfaceOrientations_iPad = "UIInterfaceOrientationPortrait UIInterfaceOrientationPortraitUpsideDown UIInterfaceOrientationLandscapeLeft UIInterfaceOrientationLandscapeRight";
				INFOPLIST_KEY_UISupportedInterfaceOrientations_iPhone = "UIInterfaceOrientationPortrait UIInterfaceOrientationLandscapeLeft UIInterfaceOrientationLandscapeRight";
				LD_RUNPATH_SEARCH_PATHS = (
					"$(inherited)",
					"@executable_path/Frameworks",
				);
				MARKETING_VERSION = 1.0;
				PRODUCT_BUNDLE_IDENTIFIER = personal.NewsTest;
				PRODUCT_NAME = "$(TARGET_NAME)";
				SWIFT_EMIT_LOC_STRINGS = YES;
				SWIFT_VERSION = 5.0;
				TARGETED_DEVICE_FAMILY = "1,2";
			};
			name = Release;
		};
/* End XCBuildConfiguration section */

/* Begin XCConfigurationList section */
		4F3A4F3B2A61783F0047AADC /* Build configuration list for PBXProject "NewsTest" */ = {
			isa = XCConfigurationList;
			buildConfigurations = (
				4F3A4F522A6178400047AADC /* Debug */,
				4F3A4F532A6178400047AADC /* Release */,
			);
			defaultConfigurationIsVisible = 0;
			defaultConfigurationName = Release;
		};
		4F3A4F542A6178400047AADC /* Build configuration list for PBXNativeTarget "NewsTest" */ = {
			isa = XCConfigurationList;
			buildConfigurations = (
				4F3A4F552A6178400047AADC /* Debug */,
				4F3A4F562A6178400047AADC /* Release */,
			);
			defaultConfigurationIsVisible = 0;
			defaultConfigurationName = Release;
		};
/* End XCConfigurationList section */
	};
	rootObject = 4F3A4F382A61783F0047AADC /* Project object */;
}
